
Microsoft Visual Studio Solution File, Format Version 12.00
# Visual Studio 15
VisualStudioVersion = 15.0.27703.2035
MinimumVisualStudioVersion = 10.0.40219.1
Project("{FAE04EC0-301F-11D3-BF4B-00C04F79EFBC}") = "APIDuim", "APIDuim\APIDuim.csproj", "{BE2CD5AF-AC2B-4F5A-903C-6738946AE681}"
EndProject
Project("{FAE04EC0-301F-11D3-BF4B-00C04F79EFBC}") = "Playground", "Playground\Playground.csproj", "{844A8FCD-0DEC-4145-A96B-E93667498726}"
EndProject
Project("{FAE04EC0-301F-11D3-BF4B-00C04F79EFBC}") = "Data", "Data\Data.csproj", "{709FA999-D420-4342-8C02-AECC4C8BAE3E}"
EndProject
Project("{FAE04EC0-301F-11D3-BF4B-00C04F79EFBC}") = "Domain", "Domain\Domain.csproj", "{8C949638-03F1-45A5-B9A5-495E55300D9F}"
EndProject
Global
	GlobalSection(SolutionConfigurationPlatforms) = preSolution
		Debug|Any CPU = Debug|Any CPU
		Release|Any CPU = Release|Any CPU
	EndGlobalSection
	GlobalSection(ProjectConfigurationPlatforms) = postSolution
		{BE2CD5AF-AC2B-4F5A-903C-6738946AE681}.Debug|Any CPU.ActiveCfg = Debug|Any CPU
		{BE2CD5AF-AC2B-4F5A-903C-6738946AE681}.Debug|Any CPU.Build.0 = Debug|Any CPU
		{BE2CD5AF-AC2B-4F5A-903C-6738946AE681}.Release|Any CPU.ActiveCfg = Release|Any CPU
		{BE2CD5AF-AC2B-4F5A-903C-6738946AE681}.Release|Any CPU.Build.0 = Release|Any CPU
		{844A8FCD-0DEC-4145-A96B-E93667498726}.Debug|Any CPU.ActiveCfg = Debug|Any CPU
		{844A8FCD-0DEC-4145-A96B-E93667498726}.Debug|Any CPU.Build.0 = Debug|Any CPU
		{844A8FCD-0DEC-4145-A96B-E93667498726}.Release|Any CPU.ActiveCfg = Release|Any CPU
		{844A8FCD-0DEC-4145-A96B-E93667498726}.Release|Any CPU.Build.0 = Release|Any CPU
		{709FA999-D420-4342-8C02-AECC4C8BAE3E}.Debug|Any CPU.ActiveCfg = Debug|Any CPU
		{709FA999-D420-4342-8C02-AECC4C8BAE3E}.Debug|Any CPU.Build.0 = Debug|Any CPU
		{709FA999-D420-4342-8C02-AECC4C8BAE3E}.Release|Any CPU.ActiveCfg = Release|Any CPU
		{709FA999-D420-4342-8C02-AECC4C8BAE3E}.Release|Any CPU.Build.0 = Release|Any CPU
		{8C949638-03F1-45A5-B9A5-495E55300D9F}.Debug|Any CPU.ActiveCfg = Debug|Any CPU
		{8C949638-03F1-45A5-B9A5-495E55300D9F}.Debug|Any CPU.Build.0 = Debug|Any CPU
		{8C949638-03F1-45A5-B9A5-495E55300D9F}.Release|Any CPU.ActiveCfg = Release|Any CPU
		{8C949638-03F1-45A5-B9A5-495E55300D9F}.Release|Any CPU.Build.0 = Release|Any CPU
	EndGlobalSection
	GlobalSection(SolutionProperties) = preSolution
		HideSolutionNode = FALSE
	EndGlobalSection
	GlobalSection(ExtensibilityGlobals) = postSolution
		SolutionGuid = {ABEEF339-1456-44A4-88A2-A4291BCF9726}
	EndGlobalSection
EndGlobal
